
Microsoft Visual Studio Solution File, Format Version 12.00
# Visual Studio Version 16
VisualStudioVersion = 16.0.30523.141
MinimumVisualStudioVersion = 10.0.40219.1
Project("{9A19103F-16F7-4668-BE54-9A1E7A4F7556}") = "AlertToCare", "AlertToCare\AlertToCare.csproj", "{36963C70-2BE4-4458-B8D9-DFC66023CCCB}"
EndProject
Project("{9A19103F-16F7-4668-BE54-9A1E7A4F7556}") = "AlertToCare-Tests", "AlertToCare-Tests\AlertToCare-Tests.csproj", "{4B6028CD-5A04-48DB-9B0A-FA59BDCE1EC8}"
EndProject
Project("{FAE04EC0-301F-11D3-BF4B-00C04F79EFBC}") = "ApiAlertToCare-AutomateTest", "ApiAlertToCare-AutomateTest\ApiAlertToCare-AutomateTest.csproj", "{BE1AACE3-A4D8-4A88-A761-655D7827B8A8}"
EndProject
Project("{FAE04EC0-301F-11D3-BF4B-00C04F79EFBC}") = "GuiClient", "GuiClient\GuiClient.csproj", "{A0B4FD19-4765-459F-B249-49B50B27EC41}"
EndProject
Project("{FAE04EC0-301F-11D3-BF4B-00C04F79EFBC}") = "GuiTests", "GuiTests\GuiTests.csproj", "{D1DEE68F-32AF-48A2-800A-0292886B7C8F}"
EndProject
Global
	GlobalSection(SolutionConfigurationPlatforms) = preSolution
		Debug|Any CPU = Debug|Any CPU
		Release|Any CPU = Release|Any CPU
	EndGlobalSection
	GlobalSection(ProjectConfigurationPlatforms) = postSolution
		{36963C70-2BE4-4458-B8D9-DFC66023CCCB}.Debug|Any CPU.ActiveCfg = Debug|Any CPU
		{36963C70-2BE4-4458-B8D9-DFC66023CCCB}.Debug|Any CPU.Build.0 = Debug|Any CPU
		{36963C70-2BE4-4458-B8D9-DFC66023CCCB}.Release|Any CPU.ActiveCfg = Release|Any CPU
		{36963C70-2BE4-4458-B8D9-DFC66023CCCB}.Release|Any CPU.Build.0 = Release|Any CPU
		{4B6028CD-5A04-48DB-9B0A-FA59BDCE1EC8}.Debug|Any CPU.ActiveCfg = Debug|Any CPU
		{4B6028CD-5A04-48DB-9B0A-FA59BDCE1EC8}.Debug|Any CPU.Build.0 = Debug|Any CPU
		{4B6028CD-5A04-48DB-9B0A-FA59BDCE1EC8}.Release|Any CPU.ActiveCfg = Release|Any CPU
		{4B6028CD-5A04-48DB-9B0A-FA59BDCE1EC8}.Release|Any CPU.Build.0 = Release|Any CPU
		{BE1AACE3-A4D8-4A88-A761-655D7827B8A8}.Debug|Any CPU.ActiveCfg = Debug|Any CPU
		{BE1AACE3-A4D8-4A88-A761-655D7827B8A8}.Debug|Any CPU.Build.0 = Debug|Any CPU
		{BE1AACE3-A4D8-4A88-A761-655D7827B8A8}.Release|Any CPU.ActiveCfg = Release|Any CPU
		{BE1AACE3-A4D8-4A88-A761-655D7827B8A8}.Release|Any CPU.Build.0 = Release|Any CPU
		{A0B4FD19-4765-459F-B249-49B50B27EC41}.Debug|Any CPU.ActiveCfg = Debug|Any CPU
		{A0B4FD19-4765-459F-B249-49B50B27EC41}.Debug|Any CPU.Build.0 = Debug|Any CPU
		{A0B4FD19-4765-459F-B249-49B50B27EC41}.Release|Any CPU.ActiveCfg = Release|Any CPU
		{A0B4FD19-4765-459F-B249-49B50B27EC41}.Release|Any CPU.Build.0 = Release|Any CPU
		{D1DEE68F-32AF-48A2-800A-0292886B7C8F}.Debug|Any CPU.ActiveCfg = Debug|Any CPU
		{D1DEE68F-32AF-48A2-800A-0292886B7C8F}.Debug|Any CPU.Build.0 = Debug|Any CPU
		{D1DEE68F-32AF-48A2-800A-0292886B7C8F}.Release|Any CPU.ActiveCfg = Release|Any CPU
		{D1DEE68F-32AF-48A2-800A-0292886B7C8F}.Release|Any CPU.Build.0 = Release|Any CPU
	EndGlobalSection
	GlobalSection(SolutionProperties) = preSolution
		HideSolutionNode = FALSE
	EndGlobalSection
	GlobalSection(ExtensibilityGlobals) = postSolution
		SolutionGuid = {764A2AD5-C8BE-43AD-AD35-42A8B776D263}
	EndGlobalSection
EndGlobal
